
Microsoft Visual Studio Solution File, Format Version 12.00
Project("{FAE04EC0-301F-11D3-BF4B-00C04F79EFBC}") = "SAIMOD3", "SAIMOD3\SAIMOD3.csproj", "{47E97C3B-787E-414E-84F7-411B450B2C23}"
EndProject
Global
	GlobalSection(SolutionConfigurationPlatforms) = preSolution
		Debug|Any CPU = Debug|Any CPU
		Release|Any CPU = Release|Any CPU
	EndGlobalSection
	GlobalSection(ProjectConfigurationPlatforms) = postSolution
		{47E97C3B-787E-414E-84F7-411B450B2C23}.Debug|Any CPU.ActiveCfg = Debug|Any CPU
		{47E97C3B-787E-414E-84F7-411B450B2C23}.Debug|Any CPU.Build.0 = Debug|Any CPU
		{47E97C3B-787E-414E-84F7-411B450B2C23}.Release|Any CPU.ActiveCfg = Release|Any CPU
		{47E97C3B-787E-414E-84F7-411B450B2C23}.Release|Any CPU.Build.0 = Release|Any CPU
	EndGlobalSection
EndGlobal
